// !$*UTF8*$!
{
	archiveVersion = 1;
	classes = {
	};
	objectVersion = 77;
	objects = {

/* Begin PBXBuildFile section */
		00B30B85FBDE8A13BCFA6BE6 /* ProvisionalFailureNotificationTests.swift in Sources */ = {isa = PBXBuildFile; fileRef = F50EC81E11E43A15D61CEB34 /* ProvisionalFailureNotificationTests.swift */; };
		00F7A50592CF4D90AC00AEA2 /* NotificationServiceTests.swift in Sources */ = {isa = PBXBuildFile; fileRef = 0CBF23E23C78A5953B8176B7 /* NotificationServiceTests.swift */; };
		0169A7D2E740F0AD2FACAF07 /* ClaudeCLIUsageReader.swift in Sources */ = {isa = PBXBuildFile; fileRef = 5BA5D6876AF1A15D43BBF227 /* ClaudeCLIUsageReader.swift */; };
		01AD0F4F024C9EE809EF2B9B /* CodexAppServerRateLimitClient.swift in Sources */ = {isa = PBXBuildFile; fileRef = E8048A32DE531A2405853970 /* CodexAppServerRateLimitClient.swift */; };
		0376768D29FF750F79F55BC0 /* PulseSettingsTests.swift in Sources */ = {isa = PBXBuildFile; fileRef = 603A613AE8978919A644BA84 /* PulseSettingsTests.swift */; };
		058C00EBD70FB010DDE8CD28 /* EdgeTriggerService.swift in Sources */ = {isa = PBXBuildFile; fileRef = 6CF43A974DE369EA8566BD01 /* EdgeTriggerService.swift */; };
		059C79E8CA17EB7732E50FD6 /* ClaudeTranscriptAdapter.swift in Sources */ = {isa = PBXBuildFile; fileRef = D4E6DECF52F9A50383201608 /* ClaudeTranscriptAdapter.swift */; };
		06A413C5594E2F780E38208B /* ClaudeAgentActivityObserver.swift in Sources */ = {isa = PBXBuildFile; fileRef = 2F4D70B177CDDBCCDA3FCB84 /* ClaudeAgentActivityObserver.swift */; };
		0823568E9F068654020093DC /* CodexAgentActivityObserverTests.swift in Sources */ = {isa = PBXBuildFile; fileRef = 3E95267833EF326134BFA8AC /* CodexAgentActivityObserverTests.swift */; };
		097F07FC926861205148E3A3 /* RolloutRateLimitSelectorTests.swift in Sources */ = {isa = PBXBuildFile; fileRef = 352855BDB1D1C8220487C5A8 /* RolloutRateLimitSelectorTests.swift */; };
		0B196FF18ED4A95B64AD6058 /* ReceiptStore.swift in Sources */ = {isa = PBXBuildFile; fileRef = E773E2BE49D59E5AFCDBAA31 /* ReceiptStore.swift */; };
		0CDB1BB5A234D4A51F7E8687 /* AgentActivityBadge.swift in Sources */ = {isa = PBXBuildFile; fileRef = 0FCF993ECE64A8A82CF3FEE7 /* AgentActivityBadge.swift */; };
		0CFA71FAC18D57B9D659CC15 /* ClaudeAccountReader.swift in Sources */ = {isa = PBXBuildFile; fileRef = 3C86317F048634125F6B1363 /* ClaudeAccountReader.swift */; };
		0E1433724CE6F8099CF305E4 /* ClaudeTaskRepositoryTests.swift in Sources */ = {isa = PBXBuildFile; fileRef = 899432766121A93ABC9C8EF6 /* ClaudeTaskRepositoryTests.swift */; };
		0FD67A4DD6209A7DD41E54AE /* ClaudeSourceRepository.swift in Sources */ = {isa = PBXBuildFile; fileRef = 6CEC7A5678F4C19651EB53EA /* ClaudeSourceRepository.swift */; };
		1058244E1326CC651989A2E5 /* PulseHubRepositoryTests.swift in Sources */ = {isa = PBXBuildFile; fileRef = 9921A88DF71E4E26FC055D32 /* PulseHubRepositoryTests.swift */; };
		14126326B56C13657FC86CD7 /* StatusItemPresentationTests.swift in Sources */ = {isa = PBXBuildFile; fileRef = 5297C0FBA9380BA70A812933 /* StatusItemPresentationTests.swift */; };
		1CC9F8013F065D6A11482DB7 /* PluginEventJournalReader.swift in Sources */ = {isa = PBXBuildFile; fileRef = B796D821363862FF681381E5 /* PluginEventJournalReader.swift */; };
		1DB025B5F6036B368511F4E5 /* Localizable.strings in Resources */ = {isa = PBXBuildFile; fileRef = 120A6B6F52B5182180EC2745 /* Localizable.strings */; };
		201BBBA6993FF614342DAB77 /* AdapterHealth.swift in Sources */ = {isa = PBXBuildFile; fileRef = BF10C1E4BE51FF096342765E /* AdapterHealth.swift */; };
		2133BB4766A6C5C97E944AEA /* TaskPanelController.swift in Sources */ = {isa = PBXBuildFile; fileRef = 00EFA1FF2D98363CE49F335E /* TaskPanelController.swift */; };
		26462D1BEB2BB517244FD79F /* HorizontalModelSwipeState.swift in Sources */ = {isa = PBXBuildFile; fileRef = BA53345E3E5B7275DADB7400 /* HorizontalModelSwipeState.swift */; };
		2B7204B443CA35CCD7D0D74E /* PulseLocalization.swift in Sources */ = {isa = PBXBuildFile; fileRef = 61F23CC0575ED93164527057 /* PulseLocalization.swift */; };
		2DBD9E728AA5B0892764E376 /* Membership.swift in Sources */ = {isa = PBXBuildFile; fileRef = D59765696B42A96213E50DF6 /* Membership.swift */; };
		2DCE60C209F3CE4A4370A957 /* TaskNavigator.swift in Sources */ = {isa = PBXBuildFile; fileRef = 7EB791B6F3BD4179349C68C0 /* TaskNavigator.swift */; };
		2E5959000BC21CB844189183 /* TaskOpeningServiceTests.swift in Sources */ = {isa = PBXBuildFile; fileRef = C7DD7E950DF931CDEC25DB38 /* TaskOpeningServiceTests.swift */; };
		2E69BCFDD7CD622766D72EF7 /* TaskSnapshotTests.swift in Sources */ = {isa = PBXBuildFile; fileRef = EA4802BBEC778F6A343EF4AB /* TaskSnapshotTests.swift */; };
		319238DD52142BD56EF02554 /* CodexPathsTests.swift in Sources */ = {isa = PBXBuildFile; fileRef = 3822E278141C4A5576981C51 /* CodexPathsTests.swift */; };
		3393EB539219AA08A18D2231 /* TaskSidebarViewRenderTests.swift in Sources */ = {isa = PBXBuildFile; fileRef = 4D191379DF24F53026B78DFA /* TaskSidebarViewRenderTests.swift */; };
		388748863C83E7CF7EA5FB0D /* CodexAppServerRateLimitClientTests.swift in Sources */ = {isa = PBXBuildFile; fileRef = 335237F1F4F2B7970BD13A08 /* CodexAppServerRateLimitClientTests.swift */; };
		38B0746BB69E29D8793C9D92 /* SessionIndexReader.swift in Sources */ = {isa = PBXBuildFile; fileRef = CB0AE6B987EC5C5F6022E57D /* SessionIndexReader.swift */; };
		3A91C4EA0743F84467C4BF89 /* PulseBrand.swift in Sources */ = {isa = PBXBuildFile; fileRef = BC7E2ED23C198069F9D2D809 /* PulseBrand.swift */; };
		3AC044DE5B5D242506081878 /* usage-bridge.sh in Resources */ = {isa = PBXBuildFile; fileRef = 2A2BF535E3DD12F22F7531E3 /* usage-bridge.sh */; };
		3C32606B852DC9E66700E9FC /* PulseHubSnapshot.swift in Sources */ = {isa = PBXBuildFile; fileRef = 71301E749B7B75DBE05607A1 /* PulseHubSnapshot.swift */; };
		3E080963E7BB603418D6BA3E /* ReceiptStoreTests.swift in Sources */ = {isa = PBXBuildFile; fileRef = 911BE851C765C44F33BFDA7F /* ReceiptStoreTests.swift */; };
		3E470C224AA939A6B4AA4234 /* PulseSettings.swift in Sources */ = {isa = PBXBuildFile; fileRef = 3986103AF072D1993C537B27 /* PulseSettings.swift */; };
		4579A809FD2695A17A3DF82B /* LegacyCompatibility.swift in Sources */ = {isa = PBXBuildFile; fileRef = 4DE13F355C470F05C99B834D /* LegacyCompatibility.swift */; };
		492060F1DC9554CB9A5424EE /* TaskMonitor.swift in Sources */ = {isa = PBXBuildFile; fileRef = D491D7302F92654F582C15FD /* TaskMonitor.swift */; };
		4ADF5F5B005A4C9DC61D514C /* TaskPanelGeometryTests.swift in Sources */ = {isa = PBXBuildFile; fileRef = 4B09E07A2FC49E99B32A29FC /* TaskPanelGeometryTests.swift */; };
		4AED93AFCFB91502491EEABA /* CodexAccountRateLimitObserver.swift in Sources */ = {isa = PBXBuildFile; fileRef = D5FB04E8FABA656A70400780 /* CodexAccountRateLimitObserver.swift */; };
		4C0C39C5BB085B5774A3B895 /* JSONValueSupport.swift in Sources */ = {isa = PBXBuildFile; fileRef = 56B631FA79584F5F1C9153D1 /* JSONValueSupport.swift */; };
		4D3E5D0BB2CA698D40DCE810 /* Assets.xcassets in Resources */ = {isa = PBXBuildFile; fileRef = A2BBD5A8FC892DC4610B0732 /* Assets.xcassets */; };
		4E33968BF398CE60C424BE7D /* StatusItemController.swift in Sources */ = {isa = PBXBuildFile; fileRef = 238F127C5150199F1FEA1703 /* StatusItemController.swift */; };
		557272AAB31AF76B310DFD77 /* Security.framework in Frameworks */ = {isa = PBXBuildFile; fileRef = EE9704139283312977C70460 /* Security.framework */; };
		56D4E8BB37D7ACCB216604F0 /* NotificationService.swift in Sources */ = {isa = PBXBuildFile; fileRef = 1B43F2ADFF9F97B1A516EC30 /* NotificationService.swift */; };
		58407E70ACC66D328713312F /* Sparkle in Frameworks */ = {isa = PBXBuildFile; productRef = 4E070BB2ABBD71AC8D8A3A07 /* Sparkle */; };
		5DAC5EDBC920A10F5616FA9F /* AdapterDriftTests.swift in Sources */ = {isa = PBXBuildFile; fileRef = 72F8E3DA8BBCB08CC3E6BC79 /* AdapterDriftTests.swift */; };
		5F3375A0DEE6F28AE061CB13 /* ModelUsageSnapshot.swift in Sources */ = {isa = PBXBuildFile; fileRef = 93041F44EA250B1E817D6AA5 /* ModelUsageSnapshot.swift */; };
		604A38715429DC79AA51912E /* AppCoordinator.swift in Sources */ = {isa = PBXBuildFile; fileRef = BB0780F207752491BF6DFBBE /* AppCoordinator.swift */; };
		649B0ABF43F51D88ADDC483F /* TaskRepositoryTests.swift in Sources */ = {isa = PBXBuildFile; fileRef = 9AB2585483F8ACB7D9532F66 /* TaskRepositoryTests.swift */; };
		65A829233DAD39C23C63916B /* CodexSourceRepository.swift in Sources */ = {isa = PBXBuildFile; fileRef = B81A0343C7D4EC72B231BA76 /* CodexSourceRepository.swift */; };
		660E2AA17FDC9E3E3B985208 /* ClaudeTranscriptTailParser.swift in Sources */ = {isa = PBXBuildFile; fileRef = 63F7EAA7A07C381FDAB8DF5F /* ClaudeTranscriptTailParser.swift */; };
		6CEA03F507EB97A936AD756C /* SettingsView.swift in Sources */ = {isa = PBXBuildFile; fileRef = FAF04C848EC0DBF0E38A3E5B /* SettingsView.swift */; };
		725B057FE21CF9ACAFB58F5D /* ClaudeDeepLink.swift in Sources */ = {isa = PBXBuildFile; fileRef = 02B7997F03CD02A000987ED3 /* ClaudeDeepLink.swift */; };
		788598BEBFC95E957FD93926 /* PulseHubRepository.swift in Sources */ = {isa = PBXBuildFile; fileRef = 3E227DDF991DCD959636A9E2 /* PulseHubRepository.swift */; };
		78DB6C75A6BE1480C1916743 /* PulseTaskState.swift in Sources */ = {isa = PBXBuildFile; fileRef = E94BB48620806EBEB1AA8C02 /* PulseTaskState.swift */; };
		81AB2E254225AE836B373EAF /* UsageSnapshots.swift in Sources */ = {isa = PBXBuildFile; fileRef = 7D2FAB84FB8376788588EC34 /* UsageSnapshots.swift */; };
		84A842FAD7054649471C8FF4 /* ClaudePlanUsageReader.swift in Sources */ = {isa = PBXBuildFile; fileRef = BF16B7FD781938E1FEA46A56 /* ClaudePlanUsageReader.swift */; };
		85B978114BB8AA54D9913F98 /* ClaudeDataRecords.swift in Sources */ = {isa = PBXBuildFile; fileRef = DB0FCA032A4F215A997D3178 /* ClaudeDataRecords.swift */; };
		85D6C403CF6D64100EF3DC6D /* CodexSQLiteTaskAdapter.swift in Sources */ = {isa = PBXBuildFile; fileRef = E33DBEDC3FA7FEB8B01C1298 /* CodexSQLiteTaskAdapter.swift */; };
		870EAD027A9E779D4E023E77 /* AgentActivityPresentationTests.swift in Sources */ = {isa = PBXBuildFile; fileRef = E029FA57D378A972803FD7A0 /* AgentActivityPresentationTests.swift */; };
		87D8BCC86CE75F44AC4BE3D4 /* TaskRepository.swift in Sources */ = {isa = PBXBuildFile; fileRef = 55A146903667321CA3E3EA9B /* TaskRepository.swift */; };
		881D24DD08C29FC49CF963EB /* TaskSnapshot.swift in Sources */ = {isa = PBXBuildFile; fileRef = 4F4EDFCF3540FB07BE2E8FBF /* TaskSnapshot.swift */; };
		8929D19AFBA4A671501BB602 /* ModelSelectionStore.swift in Sources */ = {isa = PBXBuildFile; fileRef = B4432F632F80BB950A9A928A /* ModelSelectionStore.swift */; };
		8CF35E3CE99BF0BA4FD3C7A7 /* AppServerCapability.swift in Sources */ = {isa = PBXBuildFile; fileRef = 0710D1F73F4CC9F0F565FAB1 /* AppServerCapability.swift */; };
		8ED7A611F30A5C2762D7326E /* SQLiteConnection.swift in Sources */ = {isa = PBXBuildFile; fileRef = 98A9A2F4977013834C617BE1 /* SQLiteConnection.swift */; };
		9049C3D260B08133B7272510 /* ClaudeSessionRegistryReader.swift in Sources */ = {isa = PBXBuildFile; fileRef = 0DE27FC834FC7CAB50A07F2C /* ClaudeSessionRegistryReader.swift */; };
		941F0678378738BDCA2FF1C3 /* codex-account-rate-limits-weekly-only.json in Resources */ = {isa = PBXBuildFile; fileRef = A5A1BD19B475F2003A6740AD /* codex-account-rate-limits-weekly-only.json */; };
		950A7861790DCB3D885157C3 /* SettingsWindowController.swift in Sources */ = {isa = PBXBuildFile; fileRef = 3446BF833549A0D26665FE7D /* SettingsWindowController.swift */; };
		96B8A8593560023D28CC230C /* DataRecords.swift in Sources */ = {isa = PBXBuildFile; fileRef = 858E18EA01C2FFC6D86A1382 /* DataRecords.swift */; };
		9B27A06B5ACB77167C6260A7 /* HorizontalModelSwipeStateTests.swift in Sources */ = {isa = PBXBuildFile; fileRef = 678F29B7D0469AB738105682 /* HorizontalModelSwipeStateTests.swift */; };
		9F66508B5F43BE37C914413B /* RolloutJSONLTailParser.swift in Sources */ = {isa = PBXBuildFile; fileRef = 9791DD2E1F24CAD502EC755F /* RolloutJSONLTailParser.swift */; };
		A28C4333CA310936B577887F /* MembershipTests.swift in Sources */ = {isa = PBXBuildFile; fileRef = 91C4DCD69999FBD941A5B22F /* MembershipTests.swift */; };
		AB74609E3C580647D1624D07 /* ModelTaskRepository.swift in Sources */ = {isa = PBXBuildFile; fileRef = 1D5176C511C357411D1F25BF /* ModelTaskRepository.swift */; };
		AC63575D10D83423E00C873F /* TaskRetentionPolicy.swift in Sources */ = {isa = PBXBuildFile; fileRef = 3EC82CFE276C183B4BB419D7 /* TaskRetentionPolicy.swift */; };
		AFB98770CBD3769AF9687642 /* ClaudeLiveSmokeTests.swift in Sources */ = {isa = PBXBuildFile; fileRef = D7EBADEB6E8333C2C42CCDBC /* ClaudeLiveSmokeTests.swift */; };
		B130CCD384DD2CB7BF444557 /* AppBundleNameMigratorTests.swift in Sources */ = {isa = PBXBuildFile; fileRef = FA5EF4B7B2EFFDB4DF4B0558 /* AppBundleNameMigratorTests.swift */; };
		B1EE9A6A823E48FB99B46417 /* CodexPaths.swift in Sources */ = {isa = PBXBuildFile; fileRef = C7425941174525F6EA7FC1A1 /* CodexPaths.swift */; };
		B2A7E5FE5F52B7AF5A6BCCBE /* LiveTaskMonitorSmokeTests.swift in Sources */ = {isa = PBXBuildFile; fileRef = C81C8666F01922F392C2EB27 /* LiveTaskMonitorSmokeTests.swift */; };
		B3855B0C7C273F1F5F60CF44 /* PulseTaskPresentationTests.swift in Sources */ = {isa = PBXBuildFile; fileRef = 23C009F34CF4E3589C619FF7 /* PulseTaskPresentationTests.swift */; };
		B45AF59B7E5A76A7FA8B5B7A /* ClaudeSessionRegistryReaderTests.swift in Sources */ = {isa = PBXBuildFile; fileRef = 4B3A1B274E714E06C05B14EB /* ClaudeSessionRegistryReaderTests.swift */; };
		B64213F543EE6B4986FA55D5 /* ClaudeTranscriptTailParserTests.swift in Sources */ = {isa = PBXBuildFile; fileRef = 45455094F7A1189C707C7EAD /* ClaudeTranscriptTailParserTests.swift */; };
		B82091553ECB92B5DBD93E59 /* TaskSidebarView.swift in Sources */ = {isa = PBXBuildFile; fileRef = 90418DE5ED396A7775818780 /* TaskSidebarView.swift */; };
		BCD9DC370268DA706B9060C8 /* TaskNavigatorTests.swift in Sources */ = {isa = PBXBuildFile; fileRef = 542047D1341C36AB2CD430DC /* TaskNavigatorTests.swift */; };
		BD34031000D8E951DB74EBF0 /* CodexAgentActivityObserver.swift in Sources */ = {isa = PBXBuildFile; fileRef = F3BBCC1A9EC2CAEEB0DEFC40 /* CodexAgentActivityObserver.swift */; };
		BD3DEB66FC1A830A44FB13C2 /* RolloutRateLimitSelector.swift in Sources */ = {isa = PBXBuildFile; fileRef = 4CC89A0FFF0C55EC7986D7AD /* RolloutRateLimitSelector.swift */; };
		BF4A6D6082FB2D52FEA5FCE2 /* TaskOpeningService.swift in Sources */ = {isa = PBXBuildFile; fileRef = 7182498058059686992A38C8 /* TaskOpeningService.swift */; };
		C24B1BAE46564801A4DA5F34 /* CodexSQLiteTaskAdapterTests.swift in Sources */ = {isa = PBXBuildFile; fileRef = 185B6377000484DBA5B36895 /* CodexSQLiteTaskAdapterTests.swift */; };
		C5A7450726E0D1BC94B2C203 /* EdgeTriggerEvaluatorTests.swift in Sources */ = {isa = PBXBuildFile; fileRef = 098E10E43AD98753BB998B1B /* EdgeTriggerEvaluatorTests.swift */; };
		C829F8FA0F1B80833CFC29D9 /* AgentActivityObservation.swift in Sources */ = {isa = PBXBuildFile; fileRef = 7B6DE0A75835036786A82F33 /* AgentActivityObservation.swift */; };
		D1A00005F107306C3A747B5A /* ClaudePlanUsageReaderTests.swift in Sources */ = {isa = PBXBuildFile; fileRef = 65AD371EAA41136E1003B776 /* ClaudePlanUsageReaderTests.swift */; };
		D4C60BA6B1BF772315F3FD18 /* LegacyCompatibilityTests.swift in Sources */ = {isa = PBXBuildFile; fileRef = 6B8904CC37F6E2A6C282E6B9 /* LegacyCompatibilityTests.swift */; };
		D841023FD85E0D06A39F2E58 /* PulseTask.swift in Sources */ = {isa = PBXBuildFile; fileRef = 22A6E57DC31761F69B4E7544 /* PulseTask.swift */; };
		DA7925544DF8EAE5C08194F7 /* libsqlite3.tbd in Frameworks */ = {isa = PBXBuildFile; fileRef = 003A6AF7919F9D663BD79B43 /* libsqlite3.tbd */; };
		DB2F8FB6B0B1942733F7C60B /* ClaudePaths.swift in Sources */ = {isa = PBXBuildFile; fileRef = 6B96D929EEACEAA1ECFEA817 /* ClaudePaths.swift */; };
		DC586B30053B64F912998D08 /* PulseTaskPresentation.swift in Sources */ = {isa = PBXBuildFile; fileRef = 2DD655F5F04B5E04E342265C /* PulseTaskPresentation.swift */; };
		DCF54575EC8B16BC5C4FFD19 /* ModelIdentity.swift in Sources */ = {isa = PBXBuildFile; fileRef = 9A95B80C61182371AA9EAD6D /* ModelIdentity.swift */; };
		DCF81513E180C1205909F420 /* ClaudeTaskRepository.swift in Sources */ = {isa = PBXBuildFile; fileRef = CA3CCE8D233C335F442B145A /* ClaudeTaskRepository.swift */; };
		E871C37BE225941E75732377 /* CodexAccountRateLimitObserverTests.swift in Sources */ = {isa = PBXBuildFile; fileRef = B26BA3B7CA22F0DEEF9470C7 /* CodexAccountRateLimitObserverTests.swift */; };
		E922F4E574F8760ED0DF4DA3 /* RolloutJSONLTailParserTests.swift in Sources */ = {isa = PBXBuildFile; fileRef = 66DD3A704885D68F1FE7F908 /* RolloutJSONLTailParserTests.swift */; };
		E979F0A26982D3F01A80D1EB /* PluginEventJournalReaderTests.swift in Sources */ = {isa = PBXBuildFile; fileRef = D8E0A2D2905118F369A5D9D4 /* PluginEventJournalReaderTests.swift */; };
		E9A74706EF3A269A22BDCDC9 /* CodexRolloutAdapter.swift in Sources */ = {isa = PBXBuildFile; fileRef = 0B27FF7C9D8C5A877BF49897 /* CodexRolloutAdapter.swift */; };
		ED93206AE643A3C098469504 /* LocalizationRuntimeTests.swift in Sources */ = {isa = PBXBuildFile; fileRef = 4B46BF68293BEB7E32CB7AA6 /* LocalizationRuntimeTests.swift */; };
		EF0A17189BFAD23387885E18 /* LaunchAtLoginService.swift in Sources */ = {isa = PBXBuildFile; fileRef = 02668E6BF5D663F70497564D /* LaunchAtLoginService.swift */; };
		F187EC4AF71208AAA6A9CF64 /* ClaudeProcessProbe.swift in Sources */ = {isa = PBXBuildFile; fileRef = FAB139D62A938713E4971B7B /* ClaudeProcessProbe.swift */; };
		F28DEC7D5D1AB208D2EDE55A /* CodexRolloutAdapterTests.swift in Sources */ = {isa = PBXBuildFile; fileRef = D7893B6147527801B9ADA1AE /* CodexRolloutAdapterTests.swift */; };
		F320B6EE0009BD8B411DC87B /* RolloutMetadataReader.swift in Sources */ = {isa = PBXBuildFile; fileRef = 5EFB3C988CFC76AE6815F2F8 /* RolloutMetadataReader.swift */; };
		F35D711EE4D33372B7CB0FC2 /* ModelSelectionStoreTests.swift in Sources */ = {isa = PBXBuildFile; fileRef = BC04F79A927B8817951098DA /* ModelSelectionStoreTests.swift */; };
		F379F76A893997299EEAE9DE /* RolloutMetadataReaderTests.swift in Sources */ = {isa = PBXBuildFile; fileRef = 1022C57ADF06DCFB779AF1A6 /* RolloutMetadataReaderTests.swift */; };
		F63343053CA9960E88633DFE /* ClaudeCLIUsageReaderTests.swift in Sources */ = {isa = PBXBuildFile; fileRef = 370889E2D4B4F19EC97445E5 /* ClaudeCLIUsageReaderTests.swift */; };
		FE6227973EEAAB1002E8938B /* AppBundleNameMigrator.swift in Sources */ = {isa = PBXBuildFile; fileRef = 24E7CA35440A778C7016C69F /* AppBundleNameMigrator.swift */; };
		FF0EB36BDD7D8CB21CB17F5F /* LLMPulseApp.swift in Sources */ = {isa = PBXBuildFile; fileRef = 229431F250423D42C8098E1E /* LLMPulseApp.swift */; };
/* End PBXBuildFile section */

/* Begin PBXContainerItemProxy section */
		ED6A650BCC936AC6F9C052FB /* PBXContainerItemProxy */ = {
			isa = PBXContainerItemProxy;
			containerPortal = CC5D34FBF29A24007A9490D8 /* Project object */;
			proxyType = 1;
			remoteGlobalIDString = 4F991B011F8D32CFF490B993;
			remoteInfo = LLMPulse;
		};
/* End PBXContainerItemProxy section */

/* Begin PBXFileReference section */
		003A6AF7919F9D663BD79B43 /* libsqlite3.tbd */ = {isa = PBXFileReference; lastKnownFileType = "sourcecode.text-based-dylib-definition"; name = libsqlite3.tbd; path = usr/lib/libsqlite3.tbd; sourceTree = SDKROOT; };
		00EFA1FF2D98363CE49F335E /* TaskPanelController.swift */ = {isa = PBXFileReference; lastKnownFileType = sourcecode.swift; path = TaskPanelController.swift; sourceTree = "<group>"; };
		02668E6BF5D663F70497564D /* LaunchAtLoginService.swift */ = {isa = PBXFileReference; lastKnownFileType = sourcecode.swift; path = LaunchAtLoginService.swift; sourceTree = "<group>"; };
		02B7997F03CD02A000987ED3 /* ClaudeDeepLink.swift */ = {isa = PBXFileReference; lastKnownFileType = sourcecode.swift; path = ClaudeDeepLink.swift; sourceTree = "<group>"; };
		0710D1F73F4CC9F0F565FAB1 /* AppServerCapability.swift */ = {isa = PBXFileReference; lastKnownFileType = sourcecode.swift; path = AppServerCapability.swift; sourceTree = "<group>"; };
		098E10E43AD98753BB998B1B /* EdgeTriggerEvaluatorTests.swift */ = {isa = PBXFileReference; lastKnownFileType = sourcecode.swift; path = EdgeTriggerEvaluatorTests.swift; sourceTree = "<group>"; };
		0B27FF7C9D8C5A877BF49897 /* CodexRolloutAdapter.swift */ = {isa = PBXFileReference; lastKnownFileType = sourcecode.swift; path = CodexRolloutAdapter.swift; sourceTree = "<group>"; };
		0CBF23E23C78A5953B8176B7 /* NotificationServiceTests.swift */ = {isa = PBXFileReference; lastKnownFileType = sourcecode.swift; path = NotificationServiceTests.swift; sourceTree = "<group>"; };
		0DE27FC834FC7CAB50A07F2C /* ClaudeSessionRegistryReader.swift */ = {isa = PBXFileReference; lastKnownFileType = sourcecode.swift; path = ClaudeSessionRegistryReader.swift; sourceTree = "<group>"; };
		0FCF993ECE64A8A82CF3FEE7 /* AgentActivityBadge.swift */ = {isa = PBXFileReference; lastKnownFileType = sourcecode.swift; path = AgentActivityBadge.swift; sourceTree = "<group>"; };
		1022C57ADF06DCFB779AF1A6 /* RolloutMetadataReaderTests.swift */ = {isa = PBXFileReference; lastKnownFileType = sourcecode.swift; path = RolloutMetadataReaderTests.swift; sourceTree = "<group>"; };
		185B6377000484DBA5B36895 /* CodexSQLiteTaskAdapterTests.swift */ = {isa = PBXFileReference; lastKnownFileType = sourcecode.swift; path = CodexSQLiteTaskAdapterTests.swift; sourceTree = "<group>"; };
		1B43F2ADFF9F97B1A516EC30 /* NotificationService.swift */ = {isa = PBXFileReference; lastKnownFileType = sourcecode.swift; path = NotificationService.swift; sourceTree = "<group>"; };
		1D5176C511C357411D1F25BF /* ModelTaskRepository.swift */ = {isa = PBXFileReference; lastKnownFileType = sourcecode.swift; path = ModelTaskRepository.swift; sourceTree = "<group>"; };
		229431F250423D42C8098E1E /* LLMPulseApp.swift */ = {isa = PBXFileReference; lastKnownFileType = sourcecode.swift; path = LLMPulseApp.swift; sourceTree = "<group>"; };
		22A6E57DC31761F69B4E7544 /* PulseTask.swift */ = {isa = PBXFileReference; lastKnownFileType = sourcecode.swift; path = PulseTask.swift; sourceTree = "<group>"; };
		238F127C5150199F1FEA1703 /* StatusItemController.swift */ = {isa = PBXFileReference; lastKnownFileType = sourcecode.swift; path = StatusItemController.swift; sourceTree = "<group>"; };
		23C009F34CF4E3589C619FF7 /* PulseTaskPresentationTests.swift */ = {isa = PBXFileReference; lastKnownFileType = sourcecode.swift; path = PulseTaskPresentationTests.swift; sourceTree = "<group>"; };
		24E7CA35440A778C7016C69F /* AppBundleNameMigrator.swift */ = {isa = PBXFileReference; lastKnownFileType = sourcecode.swift; path = AppBundleNameMigrator.swift; sourceTree = "<group>"; };
		2A2BF535E3DD12F22F7531E3 /* usage-bridge.sh */ = {isa = PBXFileReference; lastKnownFileType = text.script.sh; path = "usage-bridge.sh"; sourceTree = "<group>"; };
		2DD655F5F04B5E04E342265C /* PulseTaskPresentation.swift */ = {isa = PBXFileReference; lastKnownFileType = sourcecode.swift; path = PulseTaskPresentation.swift; sourceTree = "<group>"; };
		2F4D70B177CDDBCCDA3FCB84 /* ClaudeAgentActivityObserver.swift */ = {isa = PBXFileReference; lastKnownFileType = sourcecode.swift; path = ClaudeAgentActivityObserver.swift; sourceTree = "<group>"; };
		335237F1F4F2B7970BD13A08 /* CodexAppServerRateLimitClientTests.swift */ = {isa = PBXFileReference; lastKnownFileType = sourcecode.swift; path = CodexAppServerRateLimitClientTests.swift; sourceTree = "<group>"; };
		3446BF833549A0D26665FE7D /* SettingsWindowController.swift */ = {isa = PBXFileReference; lastKnownFileType = sourcecode.swift; path = SettingsWindowController.swift; sourceTree = "<group>"; };
		352855BDB1D1C8220487C5A8 /* RolloutRateLimitSelectorTests.swift */ = {isa = PBXFileReference; lastKnownFileType = sourcecode.swift; path = RolloutRateLimitSelectorTests.swift; sourceTree = "<group>"; };
		370889E2D4B4F19EC97445E5 /* ClaudeCLIUsageReaderTests.swift */ = {isa = PBXFileReference; lastKnownFileType = sourcecode.swift; path = ClaudeCLIUsageReaderTests.swift; sourceTree = "<group>"; };
		37648F07E7D3ADB0AA70F7E5 /* LLMPulseTests.xctest */ = {isa = PBXFileReference; explicitFileType = wrapper.cfbundle; includeInIndex = 0; path = LLMPulseTests.xctest; sourceTree = BUILT_PRODUCTS_DIR; };
		3822E278141C4A5576981C51 /* CodexPathsTests.swift */ = {isa = PBXFileReference; lastKnownFileType = sourcecode.swift; path = CodexPathsTests.swift; sourceTree = "<group>"; };
		3986103AF072D1993C537B27 /* PulseSettings.swift */ = {isa = PBXFileReference; lastKnownFileType = sourcecode.swift; path = PulseSettings.swift; sourceTree = "<group>"; };
		3C86317F048634125F6B1363 /* ClaudeAccountReader.swift */ = {isa = PBXFileReference; lastKnownFileType = sourcecode.swift; path = ClaudeAccountReader.swift; sourceTree = "<group>"; };
		3E227DDF991DCD959636A9E2 /* PulseHubRepository.swift */ = {isa = PBXFileReference; lastKnownFileType = sourcecode.swift; path = PulseHubRepository.swift; sourceTree = "<group>"; };
		3E95267833EF326134BFA8AC /* CodexAgentActivityObserverTests.swift */ = {isa = PBXFileReference; lastKnownFileType = sourcecode.swift; path = CodexAgentActivityObserverTests.swift; sourceTree = "<group>"; };
		3EC82CFE276C183B4BB419D7 /* TaskRetentionPolicy.swift */ = {isa = PBXFileReference; lastKnownFileType = sourcecode.swift; path = TaskRetentionPolicy.swift; sourceTree = "<group>"; };
		45455094F7A1189C707C7EAD /* ClaudeTranscriptTailParserTests.swift */ = {isa = PBXFileReference; lastKnownFileType = sourcecode.swift; path = ClaudeTranscriptTailParserTests.swift; sourceTree = "<group>"; };
		4B09E07A2FC49E99B32A29FC /* TaskPanelGeometryTests.swift */ = {isa = PBXFileReference; lastKnownFileType = sourcecode.swift; path = TaskPanelGeometryTests.swift; sourceTree = "<group>"; };
		4B3A1B274E714E06C05B14EB /* ClaudeSessionRegistryReaderTests.swift */ = {isa = PBXFileReference; lastKnownFileType = sourcecode.swift; path = ClaudeSessionRegistryReaderTests.swift; sourceTree = "<group>"; };
		4B46BF68293BEB7E32CB7AA6 /* LocalizationRuntimeTests.swift */ = {isa = PBXFileReference; lastKnownFileType = sourcecode.swift; path = LocalizationRuntimeTests.swift; sourceTree = "<group>"; };
		4CC89A0FFF0C55EC7986D7AD /* RolloutRateLimitSelector.swift */ = {isa = PBXFileReference; lastKnownFileType = sourcecode.swift; path = RolloutRateLimitSelector.swift; sourceTree = "<group>"; };
		4D191379DF24F53026B78DFA /* TaskSidebarViewRenderTests.swift */ = {isa = PBXFileReference; lastKnownFileType = sourcecode.swift; path = TaskSidebarViewRenderTests.swift; sourceTree = "<group>"; };
		4DE13F355C470F05C99B834D /* LegacyCompatibility.swift */ = {isa = PBXFileReference; lastKnownFileType = sourcecode.swift; path = LegacyCompatibility.swift; sourceTree = "<group>"; };
		4F4EDFCF3540FB07BE2E8FBF /* TaskSnapshot.swift */ = {isa = PBXFileReference; lastKnownFileType = sourcecode.swift; path = TaskSnapshot.swift; sourceTree = "<group>"; };
		5297C0FBA9380BA70A812933 /* StatusItemPresentationTests.swift */ = {isa = PBXFileReference; lastKnownFileType = sourcecode.swift; path = StatusItemPresentationTests.swift; sourceTree = "<group>"; };
		542047D1341C36AB2CD430DC /* TaskNavigatorTests.swift */ = {isa = PBXFileReference; lastKnownFileType = sourcecode.swift; path = TaskNavigatorTests.swift; sourceTree = "<group>"; };
		55A146903667321CA3E3EA9B /* TaskRepository.swift */ = {isa = PBXFileReference; lastKnownFileType = sourcecode.swift; path = TaskRepository.swift; sourceTree = "<group>"; };
		56B631FA79584F5F1C9153D1 /* JSONValueSupport.swift */ = {isa = PBXFileReference; lastKnownFileType = sourcecode.swift; path = JSONValueSupport.swift; sourceTree = "<group>"; };
		5BA5D6876AF1A15D43BBF227 /* ClaudeCLIUsageReader.swift */ = {isa = PBXFileReference; lastKnownFileType = sourcecode.swift; path = ClaudeCLIUsageReader.swift; sourceTree = "<group>"; };
		5EFB3C988CFC76AE6815F2F8 /* RolloutMetadataReader.swift */ = {isa = PBXFileReference; lastKnownFileType = sourcecode.swift; path = RolloutMetadataReader.swift; sourceTree = "<group>"; };
		5F051ECAC6259DB1CBBF12F1 /* zh-Hans */ = {isa = PBXFileReference; lastKnownFileType = text.plist.strings; name = "zh-Hans"; path = "zh-Hans.lproj/Localizable.strings"; sourceTree = "<group>"; };
		603A613AE8978919A644BA84 /* PulseSettingsTests.swift */ = {isa = PBXFileReference; lastKnownFileType = sourcecode.swift; path = PulseSettingsTests.swift; sourceTree = "<group>"; };
		61F23CC0575ED93164527057 /* PulseLocalization.swift */ = {isa = PBXFileReference; lastKnownFileType = sourcecode.swift; path = PulseLocalization.swift; sourceTree = "<group>"; };
		63F7EAA7A07C381FDAB8DF5F /* ClaudeTranscriptTailParser.swift */ = {isa = PBXFileReference; lastKnownFileType = sourcecode.swift; path = ClaudeTranscriptTailParser.swift; sourceTree = "<group>"; };
		65AD371EAA41136E1003B776 /* ClaudePlanUsageReaderTests.swift */ = {isa = PBXFileReference; lastKnownFileType = sourcecode.swift; path = ClaudePlanUsageReaderTests.swift; sourceTree = "<group>"; };
		66DD3A704885D68F1FE7F908 /* RolloutJSONLTailParserTests.swift */ = {isa = PBXFileReference; lastKnownFileType = sourcecode.swift; path = RolloutJSONLTailParserTests.swift; sourceTree = "<group>"; };
		678F29B7D0469AB738105682 /* HorizontalModelSwipeStateTests.swift */ = {isa = PBXFileReference; lastKnownFileType = sourcecode.swift; path = HorizontalModelSwipeStateTests.swift; sourceTree = "<group>"; };
		6B8904CC37F6E2A6C282E6B9 /* LegacyCompatibilityTests.swift */ = {isa = PBXFileReference; lastKnownFileType = sourcecode.swift; path = LegacyCompatibilityTests.swift; sourceTree = "<group>"; };
		6B96D929EEACEAA1ECFEA817 /* ClaudePaths.swift */ = {isa = PBXFileReference; lastKnownFileType = sourcecode.swift; path = ClaudePaths.swift; sourceTree = "<group>"; };
		6CEC7A5678F4C19651EB53EA /* ClaudeSourceRepository.swift */ = {isa = PBXFileReference; lastKnownFileType = sourcecode.swift; path = ClaudeSourceRepository.swift; sourceTree = "<group>"; };
		6CF43A974DE369EA8566BD01 /* EdgeTriggerService.swift */ = {isa = PBXFileReference; lastKnownFileType = sourcecode.swift; path = EdgeTriggerService.swift; sourceTree = "<group>"; };
		6D483044F70C3D6679787BFD /* en */ = {isa = PBXFileReference; lastKnownFileType = text.plist.strings; name = en; path = en.lproj/Localizable.strings; sourceTree = "<group>"; };
		71301E749B7B75DBE05607A1 /* PulseHubSnapshot.swift */ = {isa = PBXFileReference; lastKnownFileType = sourcecode.swift; path = PulseHubSnapshot.swift; sourceTree = "<group>"; };
		7182498058059686992A38C8 /* TaskOpeningService.swift */ = {isa = PBXFileReference; lastKnownFileType = sourcecode.swift; path = TaskOpeningService.swift; sourceTree = "<group>"; };
		72F8E3DA8BBCB08CC3E6BC79 /* AdapterDriftTests.swift */ = {isa = PBXFileReference; lastKnownFileType = sourcecode.swift; path = AdapterDriftTests.swift; sourceTree = "<group>"; };
		7B6DE0A75835036786A82F33 /* AgentActivityObservation.swift */ = {isa = PBXFileReference; lastKnownFileType = sourcecode.swift; path = AgentActivityObservation.swift; sourceTree = "<group>"; };
		7D2FAB84FB8376788588EC34 /* UsageSnapshots.swift */ = {isa = PBXFileReference; lastKnownFileType = sourcecode.swift; path = UsageSnapshots.swift; sourceTree = "<group>"; };
		7EB791B6F3BD4179349C68C0 /* TaskNavigator.swift */ = {isa = PBXFileReference; lastKnownFileType = sourcecode.swift; path = TaskNavigator.swift; sourceTree = "<group>"; };
		858E18EA01C2FFC6D86A1382 /* DataRecords.swift */ = {isa = PBXFileReference; lastKnownFileType = sourcecode.swift; path = DataRecords.swift; sourceTree = "<group>"; };
		899432766121A93ABC9C8EF6 /* ClaudeTaskRepositoryTests.swift */ = {isa = PBXFileReference; lastKnownFileType = sourcecode.swift; path = ClaudeTaskRepositoryTests.swift; sourceTree = "<group>"; };
		90418DE5ED396A7775818780 /* TaskSidebarView.swift */ = {isa = PBXFileReference; lastKnownFileType = sourcecode.swift; path = TaskSidebarView.swift; sourceTree = "<group>"; };
		911BE851C765C44F33BFDA7F /* ReceiptStoreTests.swift */ = {isa = PBXFileReference; lastKnownFileType = sourcecode.swift; path = ReceiptStoreTests.swift; sourceTree = "<group>"; };
		91C4DCD69999FBD941A5B22F /* MembershipTests.swift */ = {isa = PBXFileReference; lastKnownFileType = sourcecode.swift; path = MembershipTests.swift; sourceTree = "<group>"; };
		93041F44EA250B1E817D6AA5 /* ModelUsageSnapshot.swift */ = {isa = PBXFileReference; lastKnownFileType = sourcecode.swift; path = ModelUsageSnapshot.swift; sourceTree = "<group>"; };
		9791DD2E1F24CAD502EC755F /* RolloutJSONLTailParser.swift */ = {isa = PBXFileReference; lastKnownFileType = sourcecode.swift; path = RolloutJSONLTailParser.swift; sourceTree = "<group>"; };
		98A9A2F4977013834C617BE1 /* SQLiteConnection.swift */ = {isa = PBXFileReference; lastKnownFileType = sourcecode.swift; path = SQLiteConnection.swift; sourceTree = "<group>"; };
		9921A88DF71E4E26FC055D32 /* PulseHubRepositoryTests.swift */ = {isa = PBXFileReference; lastKnownFileType = sourcecode.swift; path = PulseHubRepositoryTests.swift; sourceTree = "<group>"; };
		9A4891768013A1340B77C301 /* LLM Pulse.app */ = {isa = PBXFileReference; explicitFileType = wrapper.application; includeInIndex = 0; path = "LLM Pulse.app"; sourceTree = BUILT_PRODUCTS_DIR; };
		9A95B80C61182371AA9EAD6D /* ModelIdentity.swift */ = {isa = PBXFileReference; lastKnownFileType = sourcecode.swift; path = ModelIdentity.swift; sourceTree = "<group>"; };
		9AB2585483F8ACB7D9532F66 /* TaskRepositoryTests.swift */ = {isa = PBXFileReference; lastKnownFileType = sourcecode.swift; path = TaskRepositoryTests.swift; sourceTree = "<group>"; };
		A2BBD5A8FC892DC4610B0732 /* Assets.xcassets */ = {isa = PBXFileReference; lastKnownFileType = folder.assetcatalog; path = Assets.xcassets; sourceTree = "<group>"; };
		A5A1BD19B475F2003A6740AD /* codex-account-rate-limits-weekly-only.json */ = {isa = PBXFileReference; lastKnownFileType = text.json; path = "codex-account-rate-limits-weekly-only.json"; sourceTree = "<group>"; };
		B26BA3B7CA22F0DEEF9470C7 /* CodexAccountRateLimitObserverTests.swift */ = {isa = PBXFileReference; lastKnownFileType = sourcecode.swift; path = CodexAccountRateLimitObserverTests.swift; sourceTree = "<group>"; };
		B4432F632F80BB950A9A928A /* ModelSelectionStore.swift */ = {isa = PBXFileReference; lastKnownFileType = sourcecode.swift; path = ModelSelectionStore.swift; sourceTree = "<group>"; };
		B796D821363862FF681381E5 /* PluginEventJournalReader.swift */ = {isa = PBXFileReference; lastKnownFileType = sourcecode.swift; path = PluginEventJournalReader.swift; sourceTree = "<group>"; };
		B81A0343C7D4EC72B231BA76 /* CodexSourceRepository.swift */ = {isa = PBXFileReference; lastKnownFileType = sourcecode.swift; path = CodexSourceRepository.swift; sourceTree = "<group>"; };
		BA53345E3E5B7275DADB7400 /* HorizontalModelSwipeState.swift */ = {isa = PBXFileReference; lastKnownFileType = sourcecode.swift; path = HorizontalModelSwipeState.swift; sourceTree = "<group>"; };
		BB0780F207752491BF6DFBBE /* AppCoordinator.swift */ = {isa = PBXFileReference; lastKnownFileType = sourcecode.swift; path = AppCoordinator.swift; sourceTree = "<group>"; };
		BC04F79A927B8817951098DA /* ModelSelectionStoreTests.swift */ = {isa = PBXFileReference; lastKnownFileType = sourcecode.swift; path = ModelSelectionStoreTests.swift; sourceTree = "<group>"; };
		BC7E2ED23C198069F9D2D809 /* PulseBrand.swift */ = {isa = PBXFileReference; lastKnownFileType = sourcecode.swift; path = PulseBrand.swift; sourceTree = "<group>"; };
		BF10C1E4BE51FF096342765E /* AdapterHealth.swift */ = {isa = PBXFileReference; lastKnownFileType = sourcecode.swift; path = AdapterHealth.swift; sourceTree = "<group>"; };
		BF16B7FD781938E1FEA46A56 /* ClaudePlanUsageReader.swift */ = {isa = PBXFileReference; lastKnownFileType = sourcecode.swift; path = ClaudePlanUsageReader.swift; sourceTree = "<group>"; };
		C7425941174525F6EA7FC1A1 /* CodexPaths.swift */ = {isa = PBXFileReference; lastKnownFileType = sourcecode.swift; path = CodexPaths.swift; sourceTree = "<group>"; };
		C7DD7E950DF931CDEC25DB38 /* TaskOpeningServiceTests.swift */ = {isa = PBXFileReference; lastKnownFileType = sourcecode.swift; path = TaskOpeningServiceTests.swift; sourceTree = "<group>"; };
		C81C8666F01922F392C2EB27 /* LiveTaskMonitorSmokeTests.swift */ = {isa = PBXFileReference; lastKnownFileType = sourcecode.swift; path = LiveTaskMonitorSmokeTests.swift; sourceTree = "<group>"; };
		CA3CCE8D233C335F442B145A /* ClaudeTaskRepository.swift */ = {isa = PBXFileReference; lastKnownFileType = sourcecode.swift; path = ClaudeTaskRepository.swift; sourceTree = "<group>"; };
		CB0AE6B987EC5C5F6022E57D /* SessionIndexReader.swift */ = {isa = PBXFileReference; lastKnownFileType = sourcecode.swift; path = SessionIndexReader.swift; sourceTree = "<group>"; };
		D491D7302F92654F582C15FD /* TaskMonitor.swift */ = {isa = PBXFileReference; lastKnownFileType = sourcecode.swift; path = TaskMonitor.swift; sourceTree = "<group>"; };
		D4E6DECF52F9A50383201608 /* ClaudeTranscriptAdapter.swift */ = {isa = PBXFileReference; lastKnownFileType = sourcecode.swift; path = ClaudeTranscriptAdapter.swift; sourceTree = "<group>"; };
		D59765696B42A96213E50DF6 /* Membership.swift */ = {isa = PBXFileReference; lastKnownFileType = sourcecode.swift; path = Membership.swift; sourceTree = "<group>"; };
		D5FB04E8FABA656A70400780 /* CodexAccountRateLimitObserver.swift */ = {isa = PBXFileReference; lastKnownFileType = sourcecode.swift; path = CodexAccountRateLimitObserver.swift; sourceTree = "<group>"; };
		D7893B6147527801B9ADA1AE /* CodexRolloutAdapterTests.swift */ = {isa = PBXFileReference; lastKnownFileType = sourcecode.swift; path = CodexRolloutAdapterTests.swift; sourceTree = "<group>"; };
		D7EBADEB6E8333C2C42CCDBC /* ClaudeLiveSmokeTests.swift */ = {isa = PBXFileReference; lastKnownFileType = sourcecode.swift; path = ClaudeLiveSmokeTests.swift; sourceTree = "<group>"; };
		D8E0A2D2905118F369A5D9D4 /* PluginEventJournalReaderTests.swift */ = {isa = PBXFileReference; lastKnownFileType = sourcecode.swift; path = PluginEventJournalReaderTests.swift; sourceTree = "<group>"; };
		DB0FCA032A4F215A997D3178 /* ClaudeDataRecords.swift */ = {isa = PBXFileReference; lastKnownFileType = sourcecode.swift; path = ClaudeDataRecords.swift; sourceTree = "<group>"; };
		E029FA57D378A972803FD7A0 /* AgentActivityPresentationTests.swift */ = {isa = PBXFileReference; lastKnownFileType = sourcecode.swift; path = AgentActivityPresentationTests.swift; sourceTree = "<group>"; };
		E33DBEDC3FA7FEB8B01C1298 /* CodexSQLiteTaskAdapter.swift */ = {isa = PBXFileReference; lastKnownFileType = sourcecode.swift; path = CodexSQLiteTaskAdapter.swift; sourceTree = "<group>"; };
		E773E2BE49D59E5AFCDBAA31 /* ReceiptStore.swift */ = {isa = PBXFileReference; lastKnownFileType = sourcecode.swift; path = ReceiptStore.swift; sourceTree = "<group>"; };
		E8048A32DE531A2405853970 /* CodexAppServerRateLimitClient.swift */ = {isa = PBXFileReference; lastKnownFileType = sourcecode.swift; path = CodexAppServerRateLimitClient.swift; sourceTree = "<group>"; };
		E94BB48620806EBEB1AA8C02 /* PulseTaskState.swift */ = {isa = PBXFileReference; lastKnownFileType = sourcecode.swift; path = PulseTaskState.swift; sourceTree = "<group>"; };
		EA4802BBEC778F6A343EF4AB /* TaskSnapshotTests.swift */ = {isa = PBXFileReference; lastKnownFileType = sourcecode.swift; path = TaskSnapshotTests.swift; sourceTree = "<group>"; };
		EE9704139283312977C70460 /* Security.framework */ = {isa = PBXFileReference; lastKnownFileType = wrapper.framework; name = Security.framework; path = System/Library/Frameworks/Security.framework; sourceTree = SDKROOT; };
		F3BBCC1A9EC2CAEEB0DEFC40 /* CodexAgentActivityObserver.swift */ = {isa = PBXFileReference; lastKnownFileType = sourcecode.swift; path = CodexAgentActivityObserver.swift; sourceTree = "<group>"; };
		F50EC81E11E43A15D61CEB34 /* ProvisionalFailureNotificationTests.swift */ = {isa = PBXFileReference; lastKnownFileType = sourcecode.swift; path = ProvisionalFailureNotificationTests.swift; sourceTree = "<group>"; };
		FA5EF4B7B2EFFDB4DF4B0558 /* AppBundleNameMigratorTests.swift */ = {isa = PBXFileReference; lastKnownFileType = sourcecode.swift; path = AppBundleNameMigratorTests.swift; sourceTree = "<group>"; };
		FAB139D62A938713E4971B7B /* ClaudeProcessProbe.swift */ = {isa = PBXFileReference; lastKnownFileType = sourcecode.swift; path = ClaudeProcessProbe.swift; sourceTree = "<group>"; };
		FAF04C848EC0DBF0E38A3E5B /* SettingsView.swift */ = {isa = PBXFileReference; lastKnownFileType = sourcecode.swift; path = SettingsView.swift; sourceTree = "<group>"; };
/* End PBXFileReference section */

/* Begin PBXFrameworksBuildPhase section */
		985DB77183C8CFEE6B0915F7 /* Frameworks */ = {
			isa = PBXFrameworksBuildPhase;
			buildActionMask = 2147483647;
			files = (
				58407E70ACC66D328713312F /* Sparkle in Frameworks */,
				DA7925544DF8EAE5C08194F7 /* libsqlite3.tbd in Frameworks */,
				557272AAB31AF76B310DFD77 /* Security.framework in Frameworks */,
			);
			runOnlyForDeploymentPostprocessing = 0;
		};
/* End PBXFrameworksBuildPhase section */

/* Begin PBXGroup section */
		13292756412F0370CEE33265 /* Services */ = {
			isa = PBXGroup;
			children = (
				E029FA57D378A972803FD7A0 /* AgentActivityPresentationTests.swift */,
				FA5EF4B7B2EFFDB4DF4B0558 /* AppBundleNameMigratorTests.swift */,
				098E10E43AD98753BB998B1B /* EdgeTriggerEvaluatorTests.swift */,
				678F29B7D0469AB738105682 /* HorizontalModelSwipeStateTests.swift */,
				6B8904CC37F6E2A6C282E6B9 /* LegacyCompatibilityTests.swift */,
				4B46BF68293BEB7E32CB7AA6 /* LocalizationRuntimeTests.swift */,
				BC04F79A927B8817951098DA /* ModelSelectionStoreTests.swift */,
				0CBF23E23C78A5953B8176B7 /* NotificationServiceTests.swift */,
				F50EC81E11E43A15D61CEB34 /* ProvisionalFailureNotificationTests.swift */,
				603A613AE8978919A644BA84 /* PulseSettingsTests.swift */,
				23C009F34CF4E3589C619FF7 /* PulseTaskPresentationTests.swift */,
				5297C0FBA9380BA70A812933 /* StatusItemPresentationTests.swift */,
				542047D1341C36AB2CD430DC /* TaskNavigatorTests.swift */,
				C7DD7E950DF931CDEC25DB38 /* TaskOpeningServiceTests.swift */,
				4B09E07A2FC49E99B32A29FC /* TaskPanelGeometryTests.swift */,
				4D191379DF24F53026B78DFA /* TaskSidebarViewRenderTests.swift */,
			);
			path = Services;
			sourceTree = "<group>";
		};
		16739AAF5084C3CA3BD4D10E /* UI */ = {
			isa = PBXGroup;
			children = (
				0FCF993ECE64A8A82CF3FEE7 /* AgentActivityBadge.swift */,
				BA53345E3E5B7275DADB7400 /* HorizontalModelSwipeState.swift */,
				FAF04C848EC0DBF0E38A3E5B /* SettingsView.swift */,
				3446BF833549A0D26665FE7D /* SettingsWindowController.swift */,
				238F127C5150199F1FEA1703 /* StatusItemController.swift */,
				00EFA1FF2D98363CE49F335E /* TaskPanelController.swift */,
				90418DE5ED396A7775818780 /* TaskSidebarView.swift */,
			);
			path = UI;
			sourceTree = "<group>";
		};
		1973062692B2378AB81D8860 /* LLMPulseTests */ = {
			isa = PBXGroup;
			children = (
				D8E20B8A2FE03D8457D4333B /* Data */,
				13292756412F0370CEE33265 /* Services */,
			);
			path = LLMPulseTests;
			sourceTree = "<group>";
		};
		268D43CD553E34F4CB495EB2 /* Domain */ = {
			isa = PBXGroup;
			children = (
				BF10C1E4BE51FF096342765E /* AdapterHealth.swift */,
				7B6DE0A75835036786A82F33 /* AgentActivityObservation.swift */,
				D59765696B42A96213E50DF6 /* Membership.swift */,
				9A95B80C61182371AA9EAD6D /* ModelIdentity.swift */,
				93041F44EA250B1E817D6AA5 /* ModelUsageSnapshot.swift */,
				71301E749B7B75DBE05607A1 /* PulseHubSnapshot.swift */,
				22A6E57DC31761F69B4E7544 /* PulseTask.swift */,
				E94BB48620806EBEB1AA8C02 /* PulseTaskState.swift */,
				3EC82CFE276C183B4BB419D7 /* TaskRetentionPolicy.swift */,
				4F4EDFCF3540FB07BE2E8FBF /* TaskSnapshot.swift */,
				7D2FAB84FB8376788588EC34 /* UsageSnapshots.swift */,
			);
			path = Domain;
			sourceTree = "<group>";
		};
		380E576697AEA674C663C124 /* Resources */ = {
			isa = PBXGroup;
			children = (
				120A6B6F52B5182180EC2745 /* Localizable.strings */,
				2A2BF535E3DD12F22F7531E3 /* usage-bridge.sh */,
			);
			path = Resources;
			sourceTree = "<group>";
		};
		3FD11D4A9F667A5FAB7F4732 /* Services */ = {
			isa = PBXGroup;
			children = (
				24E7CA35440A778C7016C69F /* AppBundleNameMigrator.swift */,
				02B7997F03CD02A000987ED3 /* ClaudeDeepLink.swift */,
				6CF43A974DE369EA8566BD01 /* EdgeTriggerService.swift */,
				02668E6BF5D663F70497564D /* LaunchAtLoginService.swift */,
				4DE13F355C470F05C99B834D /* LegacyCompatibility.swift */,
				B4432F632F80BB950A9A928A /* ModelSelectionStore.swift */,
				1B43F2ADFF9F97B1A516EC30 /* NotificationService.swift */,
				BC7E2ED23C198069F9D2D809 /* PulseBrand.swift */,
				61F23CC0575ED93164527057 /* PulseLocalization.swift */,
				3986103AF072D1993C537B27 /* PulseSettings.swift */,
				2DD655F5F04B5E04E342265C /* PulseTaskPresentation.swift */,
				7EB791B6F3BD4179349C68C0 /* TaskNavigator.swift */,
				7182498058059686992A38C8 /* TaskOpeningService.swift */,
			);
			path = Services;
			sourceTree = "<group>";
		};
		4A9FAFB91357F7BC648962F4 /* Fixtures */ = {
			isa = PBXGroup;
			children = (
				A5A1BD19B475F2003A6740AD /* codex-account-rate-limits-weekly-only.json */,
			);
			path = Fixtures;
			sourceTree = "<group>";
		};
		7BB4BACD7319036B079C936B /* Data */ = {
			isa = PBXGroup;
			children = (
				0710D1F73F4CC9F0F565FAB1 /* AppServerCapability.swift */,
				3C86317F048634125F6B1363 /* ClaudeAccountReader.swift */,
				2F4D70B177CDDBCCDA3FCB84 /* ClaudeAgentActivityObserver.swift */,
				5BA5D6876AF1A15D43BBF227 /* ClaudeCLIUsageReader.swift */,
				DB0FCA032A4F215A997D3178 /* ClaudeDataRecords.swift */,
				6B96D929EEACEAA1ECFEA817 /* ClaudePaths.swift */,
				BF16B7FD781938E1FEA46A56 /* ClaudePlanUsageReader.swift */,
				FAB139D62A938713E4971B7B /* ClaudeProcessProbe.swift */,
				0DE27FC834FC7CAB50A07F2C /* ClaudeSessionRegistryReader.swift */,
				6CEC7A5678F4C19651EB53EA /* ClaudeSourceRepository.swift */,
				CA3CCE8D233C335F442B145A /* ClaudeTaskRepository.swift */,
				D4E6DECF52F9A50383201608 /* ClaudeTranscriptAdapter.swift */,
				63F7EAA7A07C381FDAB8DF5F /* ClaudeTranscriptTailParser.swift */,
				D5FB04E8FABA656A70400780 /* CodexAccountRateLimitObserver.swift */,
				F3BBCC1A9EC2CAEEB0DEFC40 /* CodexAgentActivityObserver.swift */,
				E8048A32DE531A2405853970 /* CodexAppServerRateLimitClient.swift */,
				C7425941174525F6EA7FC1A1 /* CodexPaths.swift */,
				0B27FF7C9D8C5A877BF49897 /* CodexRolloutAdapter.swift */,
				B81A0343C7D4EC72B231BA76 /* CodexSourceRepository.swift */,
				E33DBEDC3FA7FEB8B01C1298 /* CodexSQLiteTaskAdapter.swift */,
				858E18EA01C2FFC6D86A1382 /* DataRecords.swift */,
				56B631FA79584F5F1C9153D1 /* JSONValueSupport.swift */,
				1D5176C511C357411D1F25BF /* ModelTaskRepository.swift */,
				B796D821363862FF681381E5 /* PluginEventJournalReader.swift */,
				3E227DDF991DCD959636A9E2 /* PulseHubRepository.swift */,
				E773E2BE49D59E5AFCDBAA31 /* ReceiptStore.swift */,
				9791DD2E1F24CAD502EC755F /* RolloutJSONLTailParser.swift */,
				5EFB3C988CFC76AE6815F2F8 /* RolloutMetadataReader.swift */,
				4CC89A0FFF0C55EC7986D7AD /* RolloutRateLimitSelector.swift */,
				CB0AE6B987EC5C5F6022E57D /* SessionIndexReader.swift */,
				98A9A2F4977013834C617BE1 /* SQLiteConnection.swift */,
				D491D7302F92654F582C15FD /* TaskMonitor.swift */,
				55A146903667321CA3E3EA9B /* TaskRepository.swift */,
			);
			path = Data;
			sourceTree = "<group>";
		};
		96A3D34867A91564FF228B65 /* Products */ = {
			isa = PBXGroup;
			children = (
				9A4891768013A1340B77C301 /* LLM Pulse.app */,
				37648F07E7D3ADB0AA70F7E5 /* LLMPulseTests.xctest */,
			);
			name = Products;
			sourceTree = "<group>";
		};
		98433843B5D387EBE99B2D97 /* LLMPulse */ = {
			isa = PBXGroup;
			children = (
				F98F622FBA935AEC4E67BC08 /* App */,
				7BB4BACD7319036B079C936B /* Data */,
				268D43CD553E34F4CB495EB2 /* Domain */,
				380E576697AEA674C663C124 /* Resources */,
				3FD11D4A9F667A5FAB7F4732 /* Services */,
				16739AAF5084C3CA3BD4D10E /* UI */,
				A2BBD5A8FC892DC4610B0732 /* Assets.xcassets */,
			);
			path = LLMPulse;
			sourceTree = "<group>";
		};
		BC7C051F7676BAC3880F32DC /* Frameworks */ = {
			isa = PBXGroup;
			children = (
				003A6AF7919F9D663BD79B43 /* libsqlite3.tbd */,
				EE9704139283312977C70460 /* Security.framework */,
			);
			name = Frameworks;
			sourceTree = "<group>";
		};
		C6CA05B8E6F4C34D395B7137 = {
			isa = PBXGroup;
			children = (
				98433843B5D387EBE99B2D97 /* LLMPulse */,
				1973062692B2378AB81D8860 /* LLMPulseTests */,
				BC7C051F7676BAC3880F32DC /* Frameworks */,
				96A3D34867A91564FF228B65 /* Products */,
			);
			sourceTree = "<group>";
		};
		D8E20B8A2FE03D8457D4333B /* Data */ = {
			isa = PBXGroup;
			children = (
				4A9FAFB91357F7BC648962F4 /* Fixtures */,
				72F8E3DA8BBCB08CC3E6BC79 /* AdapterDriftTests.swift */,
				370889E2D4B4F19EC97445E5 /* ClaudeCLIUsageReaderTests.swift */,
				D7EBADEB6E8333C2C42CCDBC /* ClaudeLiveSmokeTests.swift */,
				65AD371EAA41136E1003B776 /* ClaudePlanUsageReaderTests.swift */,
				4B3A1B274E714E06C05B14EB /* ClaudeSessionRegistryReaderTests.swift */,
				899432766121A93ABC9C8EF6 /* ClaudeTaskRepositoryTests.swift */,
				45455094F7A1189C707C7EAD /* ClaudeTranscriptTailParserTests.swift */,
				B26BA3B7CA22F0DEEF9470C7 /* CodexAccountRateLimitObserverTests.swift */,
				3E95267833EF326134BFA8AC /* CodexAgentActivityObserverTests.swift */,
				335237F1F4F2B7970BD13A08 /* CodexAppServerRateLimitClientTests.swift */,
				3822E278141C4A5576981C51 /* CodexPathsTests.swift */,
				D7893B6147527801B9ADA1AE /* CodexRolloutAdapterTests.swift */,
				185B6377000484DBA5B36895 /* CodexSQLiteTaskAdapterTests.swift */,
				C81C8666F01922F392C2EB27 /* LiveTaskMonitorSmokeTests.swift */,
				91C4DCD69999FBD941A5B22F /* MembershipTests.swift */,
				D8E0A2D2905118F369A5D9D4 /* PluginEventJournalReaderTests.swift */,
				9921A88DF71E4E26FC055D32 /* PulseHubRepositoryTests.swift */,
				911BE851C765C44F33BFDA7F /* ReceiptStoreTests.swift */,
				66DD3A704885D68F1FE7F908 /* RolloutJSONLTailParserTests.swift */,
				1022C57ADF06DCFB779AF1A6 /* RolloutMetadataReaderTests.swift */,
				352855BDB1D1C8220487C5A8 /* RolloutRateLimitSelectorTests.swift */,
				9AB2585483F8ACB7D9532F66 /* TaskRepositoryTests.swift */,
				EA4802BBEC778F6A343EF4AB /* TaskSnapshotTests.swift */,
			);
			path = Data;
			sourceTree = "<group>";
		};
		F98F622FBA935AEC4E67BC08 /* App */ = {
			isa = PBXGroup;
			children = (
				BB0780F207752491BF6DFBBE /* AppCoordinator.swift */,
				229431F250423D42C8098E1E /* LLMPulseApp.swift */,
			);
			path = App;
			sourceTree = "<group>";
		};
/* End PBXGroup section */

/* Begin PBXNativeTarget section */
		4F991B011F8D32CFF490B993 /* LLMPulse */ = {
			isa = PBXNativeTarget;
			buildConfigurationList = CF997443B0F7875EC0D62FC7 /* Build configuration list for PBXNativeTarget "LLMPulse" */;
			buildPhases = (
				494910D27855B9A225DDF235 /* Sources */,
				71C26244BC3E5FB0B9606093 /* Resources */,
				985DB77183C8CFEE6B0915F7 /* Frameworks */,
			);
			buildRules = (
			);
			dependencies = (
			);
			name = LLMPulse;
			packageProductDependencies = (
				4E070BB2ABBD71AC8D8A3A07 /* Sparkle */,
			);
			productName = LLMPulse;
			productReference = 9A4891768013A1340B77C301 /* LLM Pulse.app */;
			productType = "com.apple.product-type.application";
		};
		DC403AA65EEB1659348F55F3 /* LLMPulseTests */ = {
			isa = PBXNativeTarget;
			buildConfigurationList = F4693FA94565FC1677D90F20 /* Build configuration list for PBXNativeTarget "LLMPulseTests" */;
			buildPhases = (
				224CDE927CD18FF3CBFBFDA9 /* Sources */,
				0400C0B93E0BD1AC01294617 /* Resources */,
			);
			buildRules = (
			);
			dependencies = (
				8CF0CC1612A054BB3FF012DF /* PBXTargetDependency */,
			);
			name = LLMPulseTests;
			packageProductDependencies = (
			);
			productName = LLMPulseTests;
			productReference = 37648F07E7D3ADB0AA70F7E5 /* LLMPulseTests.xctest */;
			productType = "com.apple.product-type.bundle.unit-test";
		};
/* End PBXNativeTarget section */

/* Begin PBXProject section */
		CC5D34FBF29A24007A9490D8 /* Project object */ = {
			isa = PBXProject;
			attributes = {
				BuildIndependentTargetsInParallel = YES;
				LastUpgradeCheck = 1430;
				TargetAttributes = {
					4F991B011F8D32CFF490B993 = {
						DevelopmentTeam = H74633HDAD;
						ProvisioningStyle = Automatic;
					};
				};
			};
			buildConfigurationList = E7D47E6BE6D6322B37E99F2C /* Build configuration list for PBXProject "LLMPulse" */;
			developmentRegion = en;
			hasScannedForEncodings = 0;
			knownRegions = (
				Base,
				en,
				"zh-Hans",
			);
			mainGroup = C6CA05B8E6F4C34D395B7137;
			minimizedProjectReferenceProxies = 1;
			packageReferences = (
				D70844CEBDF4C17AFB3B9045 /* XCRemoteSwiftPackageReference "Sparkle" */,
			);
			preferredProjectObjectVersion = 77;
			productRefGroup = 96A3D34867A91564FF228B65 /* Products */;
			projectDirPath = "";
			projectRoot = "";
			targets = (
				4F991B011F8D32CFF490B993 /* LLMPulse */,
				DC403AA65EEB1659348F55F3 /* LLMPulseTests */,
			);
		};
/* End PBXProject section */

/* Begin PBXResourcesBuildPhase section */
		0400C0B93E0BD1AC01294617 /* Resources */ = {
			isa = PBXResourcesBuildPhase;
			buildActionMask = 2147483647;
			files = (
				941F0678378738BDCA2FF1C3 /* codex-account-rate-limits-weekly-only.json in Resources */,
			);
			runOnlyForDeploymentPostprocessing = 0;
		};
		71C26244BC3E5FB0B9606093 /* Resources */ = {
			isa = PBXResourcesBuildPhase;
			buildActionMask = 2147483647;
			files = (
				4D3E5D0BB2CA698D40DCE810 /* Assets.xcassets in Resources */,
				1DB025B5F6036B368511F4E5 /* Localizable.strings in Resources */,
				3AC044DE5B5D242506081878 /* usage-bridge.sh in Resources */,
			);
			runOnlyForDeploymentPostprocessing = 0;
		};
/* End PBXResourcesBuildPhase section */

/* Begin PBXSourcesBuildPhase section */
		224CDE927CD18FF3CBFBFDA9 /* Sources */ = {
			isa = PBXSourcesBuildPhase;
			buildActionMask = 2147483647;
			files = (
				5DAC5EDBC920A10F5616FA9F /* AdapterDriftTests.swift in Sources */,
				870EAD027A9E779D4E023E77 /* AgentActivityPresentationTests.swift in Sources */,
				B130CCD384DD2CB7BF444557 /* AppBundleNameMigratorTests.swift in Sources */,
				F63343053CA9960E88633DFE /* ClaudeCLIUsageReaderTests.swift in Sources */,
				AFB98770CBD3769AF9687642 /* ClaudeLiveSmokeTests.swift in Sources */,
				D1A00005F107306C3A747B5A /* ClaudePlanUsageReaderTests.swift in Sources */,
				B45AF59B7E5A76A7FA8B5B7A /* ClaudeSessionRegistryReaderTests.swift in Sources */,
				0E1433724CE6F8099CF305E4 /* ClaudeTaskRepositoryTests.swift in Sources */,
				B64213F543EE6B4986FA55D5 /* ClaudeTranscriptTailParserTests.swift in Sources */,
				E871C37BE225941E75732377 /* CodexAccountRateLimitObserverTests.swift in Sources */,
				0823568E9F068654020093DC /* CodexAgentActivityObserverTests.swift in Sources */,
				388748863C83E7CF7EA5FB0D /* CodexAppServerRateLimitClientTests.swift in Sources */,
				319238DD52142BD56EF02554 /* CodexPathsTests.swift in Sources */,
				F28DEC7D5D1AB208D2EDE55A /* CodexRolloutAdapterTests.swift in Sources */,
				C24B1BAE46564801A4DA5F34 /* CodexSQLiteTaskAdapterTests.swift in Sources */,
				C5A7450726E0D1BC94B2C203 /* EdgeTriggerEvaluatorTests.swift in Sources */,
				9B27A06B5ACB77167C6260A7 /* HorizontalModelSwipeStateTests.swift in Sources */,
				D4C60BA6B1BF772315F3FD18 /* LegacyCompatibilityTests.swift in Sources */,
				B2A7E5FE5F52B7AF5A6BCCBE /* LiveTaskMonitorSmokeTests.swift in Sources */,
				ED93206AE643A3C098469504 /* LocalizationRuntimeTests.swift in Sources */,
				A28C4333CA310936B577887F /* MembershipTests.swift in Sources */,
				F35D711EE4D33372B7CB0FC2 /* ModelSelectionStoreTests.swift in Sources */,
				00F7A50592CF4D90AC00AEA2 /* NotificationServiceTests.swift in Sources */,
				E979F0A26982D3F01A80D1EB /* PluginEventJournalReaderTests.swift in Sources */,
				00B30B85FBDE8A13BCFA6BE6 /* ProvisionalFailureNotificationTests.swift in Sources */,
				1058244E1326CC651989A2E5 /* PulseHubRepositoryTests.swift in Sources */,
				0376768D29FF750F79F55BC0 /* PulseSettingsTests.swift in Sources */,
				B3855B0C7C273F1F5F60CF44 /* PulseTaskPresentationTests.swift in Sources */,
				3E080963E7BB603418D6BA3E /* ReceiptStoreTests.swift in Sources */,
				E922F4E574F8760ED0DF4DA3 /* RolloutJSONLTailParserTests.swift in Sources */,
				F379F76A893997299EEAE9DE /* RolloutMetadataReaderTests.swift in Sources */,
				097F07FC926861205148E3A3 /* RolloutRateLimitSelectorTests.swift in Sources */,
				14126326B56C13657FC86CD7 /* StatusItemPresentationTests.swift in Sources */,
				BCD9DC370268DA706B9060C8 /* TaskNavigatorTests.swift in Sources */,
				2E5959000BC21CB844189183 /* TaskOpeningServiceTests.swift in Sources */,
				4ADF5F5B005A4C9DC61D514C /* TaskPanelGeometryTests.swift in Sources */,
				649B0ABF43F51D88ADDC483F /* TaskRepositoryTests.swift in Sources */,
				3393EB539219AA08A18D2231 /* TaskSidebarViewRenderTests.swift in Sources */,
				2E69BCFDD7CD622766D72EF7 /* TaskSnapshotTests.swift in Sources */,
			);
			runOnlyForDeploymentPostprocessing = 0;
		};
		494910D27855B9A225DDF235 /* Sources */ = {
			isa = PBXSourcesBuildPhase;
			buildActionMask = 2147483647;
			files = (
				201BBBA6993FF614342DAB77 /* AdapterHealth.swift in Sources */,
				0CDB1BB5A234D4A51F7E8687 /* AgentActivityBadge.swift in Sources */,
				C829F8FA0F1B80833CFC29D9 /* AgentActivityObservation.swift in Sources */,
				FE6227973EEAAB1002E8938B /* AppBundleNameMigrator.swift in Sources */,
				604A38715429DC79AA51912E /* AppCoordinator.swift in Sources */,
				8CF35E3CE99BF0BA4FD3C7A7 /* AppServerCapability.swift in Sources */,
				0CFA71FAC18D57B9D659CC15 /* ClaudeAccountReader.swift in Sources */,
				06A413C5594E2F780E38208B /* ClaudeAgentActivityObserver.swift in Sources */,
				0169A7D2E740F0AD2FACAF07 /* ClaudeCLIUsageReader.swift in Sources */,
				85B978114BB8AA54D9913F98 /* ClaudeDataRecords.swift in Sources */,
				725B057FE21CF9ACAFB58F5D /* ClaudeDeepLink.swift in Sources */,
				DB2F8FB6B0B1942733F7C60B /* ClaudePaths.swift in Sources */,
				84A842FAD7054649471C8FF4 /* ClaudePlanUsageReader.swift in Sources */,
				F187EC4AF71208AAA6A9CF64 /* ClaudeProcessProbe.swift in Sources */,
				9049C3D260B08133B7272510 /* ClaudeSessionRegistryReader.swift in Sources */,
				0FD67A4DD6209A7DD41E54AE /* ClaudeSourceRepository.swift in Sources */,
				DCF81513E180C1205909F420 /* ClaudeTaskRepository.swift in Sources */,
				059C79E8CA17EB7732E50FD6 /* ClaudeTranscriptAdapter.swift in Sources */,
				660E2AA17FDC9E3E3B985208 /* ClaudeTranscriptTailParser.swift in Sources */,
				4AED93AFCFB91502491EEABA /* CodexAccountRateLimitObserver.swift in Sources */,
				BD34031000D8E951DB74EBF0 /* CodexAgentActivityObserver.swift in Sources */,
				01AD0F4F024C9EE809EF2B9B /* CodexAppServerRateLimitClient.swift in Sources */,
				B1EE9A6A823E48FB99B46417 /* CodexPaths.swift in Sources */,
				E9A74706EF3A269A22BDCDC9 /* CodexRolloutAdapter.swift in Sources */,
				85D6C403CF6D64100EF3DC6D /* CodexSQLiteTaskAdapter.swift in Sources */,
				65A829233DAD39C23C63916B /* CodexSourceRepository.swift in Sources */,
				96B8A8593560023D28CC230C /* DataRecords.swift in Sources */,
				058C00EBD70FB010DDE8CD28 /* EdgeTriggerService.swift in Sources */,
				26462D1BEB2BB517244FD79F /* HorizontalModelSwipeState.swift in Sources */,
				4C0C39C5BB085B5774A3B895 /* JSONValueSupport.swift in Sources */,
				FF0EB36BDD7D8CB21CB17F5F /* LLMPulseApp.swift in Sources */,
				EF0A17189BFAD23387885E18 /* LaunchAtLoginService.swift in Sources */,
				4579A809FD2695A17A3DF82B /* LegacyCompatibility.swift in Sources */,
				2DBD9E728AA5B0892764E376 /* Membership.swift in Sources */,
				DCF54575EC8B16BC5C4FFD19 /* ModelIdentity.swift in Sources */,
				8929D19AFBA4A671501BB602 /* ModelSelectionStore.swift in Sources */,
				AB74609E3C580647D1624D07 /* ModelTaskRepository.swift in Sources */,
				5F3375A0DEE6F28AE061CB13 /* ModelUsageSnapshot.swift in Sources */,
				56D4E8BB37D7ACCB216604F0 /* NotificationService.swift in Sources */,
				1CC9F8013F065D6A11482DB7 /* PluginEventJournalReader.swift in Sources */,
				3A91C4EA0743F84467C4BF89 /* PulseBrand.swift in Sources */,
				788598BEBFC95E957FD93926 /* PulseHubRepository.swift in Sources */,
				3C32606B852DC9E66700E9FC /* PulseHubSnapshot.swift in Sources */,
				2B7204B443CA35CCD7D0D74E /* PulseLocalization.swift in Sources */,
				3E470C224AA939A6B4AA4234 /* PulseSettings.swift in Sources */,
				D841023FD85E0D06A39F2E58 /* PulseTask.swift in Sources */,
				DC586B30053B64F912998D08 /* PulseTaskPresentation.swift in Sources */,
				78DB6C75A6BE1480C1916743 /* PulseTaskState.swift in Sources */,
				0B196FF18ED4A95B64AD6058 /* ReceiptStore.swift in Sources */,
				9F66508B5F43BE37C914413B /* RolloutJSONLTailParser.swift in Sources */,
				F320B6EE0009BD8B411DC87B /* RolloutMetadataReader.swift in Sources */,
				BD3DEB66FC1A830A44FB13C2 /* RolloutRateLimitSelector.swift in Sources */,
				8ED7A611F30A5C2762D7326E /* SQLiteConnection.swift in Sources */,
				38B0746BB69E29D8793C9D92 /* SessionIndexReader.swift in Sources */,
				6CEA03F507EB97A936AD756C /* SettingsView.swift in Sources */,
				950A7861790DCB3D885157C3 /* SettingsWindowController.swift in Sources */,
				4E33968BF398CE60C424BE7D /* StatusItemController.swift in Sources */,
				492060F1DC9554CB9A5424EE /* TaskMonitor.swift in Sources */,
				2DCE60C209F3CE4A4370A957 /* TaskNavigator.swift in Sources */,
				BF4A6D6082FB2D52FEA5FCE2 /* TaskOpeningService.swift in Sources */,
				2133BB4766A6C5C97E944AEA /* TaskPanelController.swift in Sources */,
				87D8BCC86CE75F44AC4BE3D4 /* TaskRepository.swift in Sources */,
				AC63575D10D83423E00C873F /* TaskRetentionPolicy.swift in Sources */,
				B82091553ECB92B5DBD93E59 /* TaskSidebarView.swift in Sources */,
				881D24DD08C29FC49CF963EB /* TaskSnapshot.swift in Sources */,
				81AB2E254225AE836B373EAF /* UsageSnapshots.swift in Sources */,
			);
			runOnlyForDeploymentPostprocessing = 0;
		};
/* End PBXSourcesBuildPhase section */

/* Begin PBXTargetDependency section */
		8CF0CC1612A054BB3FF012DF /* PBXTargetDependency */ = {
			isa = PBXTargetDependency;
			target = 4F991B011F8D32CFF490B993 /* LLMPulse */;
			targetProxy = ED6A650BCC936AC6F9C052FB /* PBXContainerItemProxy */;
		};
/* End PBXTargetDependency section */

/* Begin PBXVariantGroup section */
		120A6B6F52B5182180EC2745 /* Localizable.strings */ = {
			isa = PBXVariantGroup;
			children = (
				6D483044F70C3D6679787BFD /* en */,
				5F051ECAC6259DB1CBBF12F1 /* zh-Hans */,
			);
			name = Localizable.strings;
			sourceTree = "<group>";
		};
/* End PBXVariantGroup section */

/* Begin XCBuildConfiguration section */
		08D21340CB38EBD93946CD0F /* Release */ = {
			isa = XCBuildConfiguration;
			buildSettings = {
				ALWAYS_SEARCH_USER_PATHS = NO;
				CLANG_ANALYZER_NONNULL = YES;
				CLANG_ANALYZER_NUMBER_OBJECT_CONVERSION = YES_AGGRESSIVE;
				CLANG_CXX_LANGUAGE_STANDARD = "gnu++14";
				CLANG_CXX_LIBRARY = "libc++";
				CLANG_ENABLE_MODULES = YES;
				CLANG_ENABLE_OBJC_ARC = YES;
				CLANG_ENABLE_OBJC_WEAK = YES;
				CLANG_WARN_BLOCK_CAPTURE_AUTORELEASING = YES;
				CLANG_WARN_BOOL_CONVERSION = YES;
				CLANG_WARN_COMMA = YES;
				CLANG_WARN_CONSTANT_CONVERSION = YES;
				CLANG_WARN_DEPRECATED_OBJC_IMPLEMENTATIONS = YES;
				CLANG_WARN_DIRECT_OBJC_ISA_USAGE = YES_ERROR;
				CLANG_WARN_DOCUMENTATION_COMMENTS = YES;
				CLANG_WARN_EMPTY_BODY = YES;
				CLANG_WARN_ENUM_CONVERSION = YES;
				CLANG_WARN_INFINITE_RECURSION = YES;
				CLANG_WARN_INT_CONVERSION = YES;
				CLANG_WARN_NON_LITERAL_NULL_CONVERSION = YES;
				CLANG_WARN_OBJC_IMPLICIT_RETAIN_SELF = YES;
				CLANG_WARN_OBJC_LITERAL_CONVERSION = YES;
				CLANG_WARN_OBJC_ROOT_CLASS = YES_ERROR;
				CLANG_WARN_QUOTED_INCLUDE_IN_FRAMEWORK_HEADER = YES;
				CLANG_WARN_RANGE_LOOP_ANALYSIS = YES;
				CLANG_WARN_STRICT_PROTOTYPES = YES;
				CLANG_WARN_SUSPICIOUS_MOVE = YES;
				CLANG_WARN_UNGUARDED_AVAILABILITY = YES_AGGRESSIVE;
				CLANG_WARN_UNREACHABLE_CODE = YES;
				CLANG_WARN__DUPLICATE_METHOD_MATCH = YES;
				COPY_PHASE_STRIP = NO;
				DEAD_CODE_STRIPPING = YES;
				DEBUG_INFORMATION_FORMAT = "dwarf-with-dsym";
				ENABLE_NS_ASSERTIONS = NO;
				ENABLE_STRICT_OBJC_MSGSEND = YES;
				ENABLE_USER_SCRIPT_SANDBOXING = YES;
				GCC_C_LANGUAGE_STANDARD = gnu11;
				GCC_NO_COMMON_BLOCKS = YES;
				GCC_WARN_64_TO_32_BIT_CONVERSION = YES;
				GCC_WARN_ABOUT_RETURN_TYPE = YES_ERROR;
				GCC_WARN_UNDECLARED_SELECTOR = YES;
				GCC_WARN_UNINITIALIZED_AUTOS = YES_AGGRESSIVE;
				GCC_WARN_UNUSED_FUNCTION = YES;
				GCC_WARN_UNUSED_VARIABLE = YES;
				MACOSX_DEPLOYMENT_TARGET = 14.0;
				MTL_ENABLE_DEBUG_INFO = NO;
				MTL_FAST_MATH = YES;
				PRODUCT_NAME = "$(TARGET_NAME)";
				SDKROOT = macosx;
				SWIFT_COMPILATION_MODE = wholemodule;
				SWIFT_OPTIMIZATION_LEVEL = "-O";
				SWIFT_STRICT_CONCURRENCY = complete;
				SWIFT_VERSION = 6.0;
			};
			name = Release;
		};
		4D8BD0D1302C6ECFDBF7EA25 /* Debug */ = {
			isa = XCBuildConfiguration;
			buildSettings = {
				ALWAYS_SEARCH_USER_PATHS = NO;
				CLANG_ANALYZER_NONNULL = YES;
				CLANG_ANALYZER_NUMBER_OBJECT_CONVERSION = YES_AGGRESSIVE;
				CLANG_CXX_LANGUAGE_STANDARD = "gnu++14";
				CLANG_CXX_LIBRARY = "libc++";
				CLANG_ENABLE_MODULES = YES;
				CLANG_ENABLE_OBJC_ARC = YES;
				CLANG_ENABLE_OBJC_WEAK = YES;
				CLANG_WARN_BLOCK_CAPTURE_AUTORELEASING = YES;
				CLANG_WARN_BOOL_CONVERSION = YES;
				CLANG_WARN_COMMA = YES;
				CLANG_WARN_CONSTANT_CONVERSION = YES;
				CLANG_WARN_DEPRECATED_OBJC_IMPLEMENTATIONS = YES;
				CLANG_WARN_DIRECT_OBJC_ISA_USAGE = YES_ERROR;
				CLANG_WARN_DOCUMENTATION_COMMENTS = YES;
				CLANG_WARN_EMPTY_BODY = YES;
				CLANG_WARN_ENUM_CONVERSION = YES;
				CLANG_WARN_INFINITE_RECURSION = YES;
				CLANG_WARN_INT_CONVERSION = YES;
				CLANG_WARN_NON_LITERAL_NULL_CONVERSION = YES;
				CLANG_WARN_OBJC_IMPLICIT_RETAIN_SELF = YES;
				CLANG_WARN_OBJC_LITERAL_CONVERSION = YES;
				CLANG_WARN_OBJC_ROOT_CLASS = YES_ERROR;
				CLANG_WARN_QUOTED_INCLUDE_IN_FRAMEWORK_HEADER = YES;
				CLANG_WARN_RANGE_LOOP_ANALYSIS = YES;
				CLANG_WARN_STRICT_PROTOTYPES = YES;
				CLANG_WARN_SUSPICIOUS_MOVE = YES;
				CLANG_WARN_UNGUARDED_AVAILABILITY = YES_AGGRESSIVE;
				CLANG_WARN_UNREACHABLE_CODE = YES;
				CLANG_WARN__DUPLICATE_METHOD_MATCH = YES;
				COPY_PHASE_STRIP = NO;
				DEAD_CODE_STRIPPING = YES;
				DEBUG_INFORMATION_FORMAT = dwarf;
				ENABLE_STRICT_OBJC_MSGSEND = YES;
				ENABLE_TESTABILITY = YES;
				ENABLE_USER_SCRIPT_SANDBOXING = YES;
				GCC_C_LANGUAGE_STANDARD = gnu11;
				GCC_DYNAMIC_NO_PIC = NO;
				GCC_NO_COMMON_BLOCKS = YES;
				GCC_OPTIMIZATION_LEVEL = 0;
				GCC_PREPROCESSOR_DEFINITIONS = (
					"$(inherited)",
					"DEBUG=1",
				);
				GCC_WARN_64_TO_32_BIT_CONVERSION = YES;
				GCC_WARN_ABOUT_RETURN_TYPE = YES_ERROR;
				GCC_WARN_UNDECLARED_SELECTOR = YES;
				GCC_WARN_UNINITIALIZED_AUTOS = YES_AGGRESSIVE;
				GCC_WARN_UNUSED_FUNCTION = YES;
				GCC_WARN_UNUSED_VARIABLE = YES;
				MACOSX_DEPLOYMENT_TARGET = 14.0;
				MTL_ENABLE_DEBUG_INFO = INCLUDE_SOURCE;
				MTL_FAST_MATH = YES;
				ONLY_ACTIVE_ARCH = YES;
				PRODUCT_NAME = "$(TARGET_NAME)";
				SDKROOT = macosx;
				SWIFT_ACTIVE_COMPILATION_CONDITIONS = DEBUG;
				SWIFT_OPTIMIZATION_LEVEL = "-Onone";
				SWIFT_STRICT_CONCURRENCY = complete;
				SWIFT_VERSION = 6.0;
			};
			name = Debug;
		};
		85F65FC9DBAF4FC83BFAC36F /* Release */ = {
			isa = XCBuildConfiguration;
			buildSettings = {
				BUNDLE_LOADER = "$(TEST_HOST)";
				COMBINE_HIDPI_IMAGES = YES;
				GENERATE_INFOPLIST_FILE = YES;
				LD_RUNPATH_SEARCH_PATHS = (
					"$(inherited)",
					"@executable_path/../Frameworks",
					"@loader_path/../Frameworks",
				);
				PRODUCT_BUNDLE_IDENTIFIER = com.zuuzii.LLMPulseTests;
				SDKROOT = macosx;
				TEST_HOST = "$(BUILT_PRODUCTS_DIR)/LLM Pulse.app/Contents/MacOS/LLM Pulse";
			};
			name = Release;
		};
		ABC1A10ABEE4AB6A9B773407 /* Debug */ = {
			isa = XCBuildConfiguration;
			buildSettings = {
				ASSETCATALOG_COMPILER_APPICON_NAME = AppIcon;
				ASSETCATALOG_COMPILER_GENERATE_SWIFT_ASSET_SYMBOL_EXTENSIONS = YES;
				CODE_SIGN_STYLE = Automatic;
				COMBINE_HIDPI_IMAGES = YES;
				DEVELOPMENT_TEAM = H74633HDAD;
				ENABLE_APP_SANDBOX = NO;
				ENABLE_HARDENED_RUNTIME = YES;
				GENERATE_INFOPLIST_FILE = NO;
				INFOPLIST_FILE = LLMPulse/Resources/Info.plist;
				LD_RUNPATH_SEARCH_PATHS = (
					"$(inherited)",
					"@executable_path/../Frameworks",
				);
				ONLY_ACTIVE_ARCH = YES;
				PRODUCT_BUNDLE_IDENTIFIER = com.zuuzii.LLMPulse;
				PRODUCT_MODULE_NAME = LLMPulse;
				PRODUCT_NAME = "LLM Pulse";
				SDKROOT = macosx;
			};
			name = Debug;
		};
		B9938CAD725DF17BFA88283D /* Release */ = {
			isa = XCBuildConfiguration;
			buildSettings = {
				ASSETCATALOG_COMPILER_APPICON_NAME = AppIcon;
				ASSETCATALOG_COMPILER_GENERATE_SWIFT_ASSET_SYMBOL_EXTENSIONS = YES;
				CODE_SIGN_STYLE = Automatic;
				COMBINE_HIDPI_IMAGES = YES;
				DEVELOPMENT_TEAM = H74633HDAD;
				ENABLE_APP_SANDBOX = NO;
				ENABLE_HARDENED_RUNTIME = YES;
				GENERATE_INFOPLIST_FILE = NO;
				INFOPLIST_FILE = LLMPulse/Resources/Info.plist;
				LD_RUNPATH_SEARCH_PATHS = (
					"$(inherited)",
					"@executable_path/../Frameworks",
				);
				PRODUCT_BUNDLE_IDENTIFIER = com.zuuzii.LLMPulse;
				PRODUCT_MODULE_NAME = LLMPulse;
				PRODUCT_NAME = "LLM Pulse";
				SDKROOT = macosx;
				VALIDATE_PRODUCT = YES;
			};
			name = Release;
		};
		D48A8DA84DA962F2C149D017 /* Debug */ = {
			isa = XCBuildConfiguration;
			buildSettings = {
				BUNDLE_LOADER = "$(TEST_HOST)";
				COMBINE_HIDPI_IMAGES = YES;
				GENERATE_INFOPLIST_FILE = YES;
				LD_RUNPATH_SEARCH_PATHS = (
					"$(inherited)",
					"@executable_path/../Frameworks",
					"@loader_path/../Frameworks",
				);
				PRODUCT_BUNDLE_IDENTIFIER = com.zuuzii.LLMPulseTests;
				SDKROOT = macosx;
				TEST_HOST = "$(BUILT_PRODUCTS_DIR)/LLM Pulse.app/Contents/MacOS/LLM Pulse";
			};
			name = Debug;
		};
/* End XCBuildConfiguration section */

/* Begin XCConfigurationList section */
		CF997443B0F7875EC0D62FC7 /* Build configuration list for PBXNativeTarget "LLMPulse" */ = {
			isa = XCConfigurationList;
			buildConfigurations = (
				ABC1A10ABEE4AB6A9B773407 /* Debug */,
				B9938CAD725DF17BFA88283D /* Release */,
			);
			defaultConfigurationIsVisible = 0;
			defaultConfigurationName = Debug;
		};
		E7D47E6BE6D6322B37E99F2C /* Build configuration list for PBXProject "LLMPulse" */ = {
			isa = XCConfigurationList;
			buildConfigurations = (
				4D8BD0D1302C6ECFDBF7EA25 /* Debug */,
				08D21340CB38EBD93946CD0F /* Release */,
			);
			defaultConfigurationIsVisible = 0;
			defaultConfigurationName = Debug;
		};
		F4693FA94565FC1677D90F20 /* Build configuration list for PBXNativeTarget "LLMPulseTests" */ = {
			isa = XCConfigurationList;
			buildConfigurations = (
				D48A8DA84DA962F2C149D017 /* Debug */,
				85F65FC9DBAF4FC83BFAC36F /* Release */,
			);
			defaultConfigurationIsVisible = 0;
			defaultConfigurationName = Debug;
		};
/* End XCConfigurationList section */

/* Begin XCRemoteSwiftPackageReference section */
		D70844CEBDF4C17AFB3B9045 /* XCRemoteSwiftPackageReference "Sparkle" */ = {
			isa = XCRemoteSwiftPackageReference;
			repositoryURL = "https://github.com/sparkle-project/Sparkle";
			requirement = {
				kind = exactVersion;
				version = 2.9.4;
			};
		};
/* End XCRemoteSwiftPackageReference section */

/* Begin XCSwiftPackageProductDependency section */
		4E070BB2ABBD71AC8D8A3A07 /* Sparkle */ = {
			isa = XCSwiftPackageProductDependency;
			package = D70844CEBDF4C17AFB3B9045 /* XCRemoteSwiftPackageReference "Sparkle" */;
			productName = Sparkle;
		};
/* End XCSwiftPackageProductDependency section */
	};
	rootObject = CC5D34FBF29A24007A9490D8 /* Project object */;
}
